{
  "name": "pifo",
  "version": "1.0.0",
  "lockfileVersion": 1,
  "requires": true,
  "dependencies": {
    "esm": {
      "version": "3.0.82",
      "resolved": "https://registry.npmjs.org/esm/-/esm-3.0.82.tgz",
      "integrity": "sha512-vakh2il2Q9QdwCUEiFQqtamOANcGATh5OlMRLaXsvOhuuzr/SXdngYw1rwJjesrljbnsq3+UZ5+3Y3uszc/U/w=="
    },
    "full-icu": {
      "version": "1.2.1",
      "resolved": "https://registry.npmjs.org/full-icu/-/full-icu-1.2.1.tgz",
      "integrity": "sha512-E2s1b4GVbt8PyG+iaRN6ks8N0Oy2LOJz7SIMUwWWWx7Mr5Z08hKkfpkKQbOtOGqzkFpckDJHjjZ8qfigN2W86A=="
    }
  }
}
